
Microsoft Visual Studio Solution File, Format Version 12.00
# Visual Studio Version 16
VisualStudioVersion = 16.0.29613.14
MinimumVisualStudioVersion = 10.0.40219.1
Project("{FAE04EC0-301F-11D3-BF4B-00C04F79EFBC}") = "OceanOfCode", "OceanOfCode.csproj", "{7461FCB7-E101-48D0-9557-321BCCF0F19D}"
EndProject
Project("{FAE04EC0-301F-11D3-BF4B-00C04F79EFBC}") = "UnitTestProject", "..\UnitTestProject\UnitTestProject.csproj", "{93DE14B5-A9AA-4A52-A509-2999BCBDDFFF}"
EndProject
Global
	GlobalSection(SolutionConfigurationPlatforms) = preSolution
		Debug|Any CPU = Debug|Any CPU
		Release|Any CPU = Release|Any CPU
	EndGlobalSection
	GlobalSection(ProjectConfigurationPlatforms) = postSolution
		{7461FCB7-E101-48D0-9557-321BCCF0F19D}.Debug|Any CPU.ActiveCfg = Debug|Any CPU
		{7461FCB7-E101-48D0-9557-321BCCF0F19D}.Debug|Any CPU.Build.0 = Debug|Any CPU
		{7461FCB7-E101-48D0-9557-321BCCF0F19D}.Release|Any CPU.ActiveCfg = Release|Any CPU
		{7461FCB7-E101-48D0-9557-321BCCF0F19D}.Release|Any CPU.Build.0 = Release|Any CPU
		{93DE14B5-A9AA-4A52-A509-2999BCBDDFFF}.Debug|Any CPU.ActiveCfg = Debug|Any CPU
		{93DE14B5-A9AA-4A52-A509-2999BCBDDFFF}.Debug|Any CPU.Build.0 = Debug|Any CPU
		{93DE14B5-A9AA-4A52-A509-2999BCBDDFFF}.Release|Any CPU.ActiveCfg = Release|Any CPU
		{93DE14B5-A9AA-4A52-A509-2999BCBDDFFF}.Release|Any CPU.Build.0 = Release|Any CPU
	EndGlobalSection
	GlobalSection(SolutionProperties) = preSolution
		HideSolutionNode = FALSE
	EndGlobalSection
	GlobalSection(ExtensibilityGlobals) = postSolution
		SolutionGuid = {F2408DFB-DE10-4C4B-AD84-2FB606A29EAE}
	EndGlobalSection
EndGlobal
